
Microsoft Visual Studio Solution File, Format Version 12.00
# Visual Studio Version 17
VisualStudioVersion = 17.14.36623.8 d17.14
MinimumVisualStudioVersion = 10.0.40219.1
Project("{8BC9CEB8-8B4A-11D0-8D11-00A0C91BC942}") = "Esp8266WebServerRest", "Esp8266WebServerRest\Esp8266WebServerRest.vcxproj", "{C5F80730-F44F-4478-BDAE-6634EFC2CA88}"
EndProject
Project("{8BC9CEB8-8B4A-11D0-8D11-00A0C91BC942}") = "MicrocontrollerComunication", "MicrocontrollerComunication\MicrocontrollerComunication.vcxproj", "{03F50D36-FAA9-4A5F-809F-7CF7EF0B66B5}"
EndProject
Project("{FAE04EC0-301F-11D3-BF4B-00C04F79EFBC}") = "HomeControllerSite", "HomeControllerSite\HomeControllerSite.csproj", "{A52FD585-87F1-472F-9595-1E6137E55717}"
EndProject
Project("{FAE04EC0-301F-11D3-BF4B-00C04F79EFBC}") = "WcfServiceBase", "WcfServiceBase\WcfServiceBase.csproj", "{47472D39-1E64-49EE-93D9-85CD097B184D}"
EndProject
Project("{2150E333-8FDC-42A3-9474-1A3956D46DE8}") = "eagle", "eagle", "{1EFB98ED-7196-49A8-B566-77D8E0F15F61}"
	ProjectSection(SolutionItems) = preProject
		eagle\Esp8266Wifi-GatesOpener3.brd = eagle\Esp8266Wifi-GatesOpener3.brd
	EndProjectSection
EndProject
Project("{8BC9CEB8-8B4A-11D0-8D11-00A0C91BC942}") = "Esp8266_Receiver_Vosk_Commands", "Esp8266_Receiver_Vosk_Commands\Esp8266_Receiver_Vosk_Commands.vcxproj", "{2F9DEE8C-C04E-465B-97DB-0AB9B0539447}"
EndProject
Global
	GlobalSection(SolutionConfigurationPlatforms) = preSolution
		Debug|Any CPU = Debug|Any CPU
		Debug|x86 = Debug|x86
		Release|Any CPU = Release|Any CPU
		Release|x86 = Release|x86
	EndGlobalSection
	GlobalSection(ProjectConfigurationPlatforms) = postSolution
		{C5F80730-F44F-4478-BDAE-6634EFC2CA88}.Debug|Any CPU.ActiveCfg = Debug|Win32
		{C5F80730-F44F-4478-BDAE-6634EFC2CA88}.Debug|x86.ActiveCfg = Debug|Win32
		{C5F80730-F44F-4478-BDAE-6634EFC2CA88}.Debug|x86.Build.0 = Debug|Win32
		{C5F80730-F44F-4478-BDAE-6634EFC2CA88}.Release|Any CPU.ActiveCfg = Release|Win32
		{C5F80730-F44F-4478-BDAE-6634EFC2CA88}.Release|x86.ActiveCfg = Release|Win32
		{C5F80730-F44F-4478-BDAE-6634EFC2CA88}.Release|x86.Build.0 = Release|Win32
		{03F50D36-FAA9-4A5F-809F-7CF7EF0B66B5}.Debug|Any CPU.ActiveCfg = Debug|Win32
		{03F50D36-FAA9-4A5F-809F-7CF7EF0B66B5}.Debug|x86.ActiveCfg = Debug|Win32
		{03F50D36-FAA9-4A5F-809F-7CF7EF0B66B5}.Debug|x86.Build.0 = Debug|Win32
		{03F50D36-FAA9-4A5F-809F-7CF7EF0B66B5}.Release|Any CPU.ActiveCfg = Release|Win32
		{03F50D36-FAA9-4A5F-809F-7CF7EF0B66B5}.Release|x86.ActiveCfg = Release|Win32
		{03F50D36-FAA9-4A5F-809F-7CF7EF0B66B5}.Release|x86.Build.0 = Release|Win32
		{A52FD585-87F1-472F-9595-1E6137E55717}.Debug|Any CPU.ActiveCfg = Debug|Any CPU
		{A52FD585-87F1-472F-9595-1E6137E55717}.Debug|Any CPU.Build.0 = Debug|Any CPU
		{A52FD585-87F1-472F-9595-1E6137E55717}.Debug|x86.ActiveCfg = Debug|Any CPU
		{A52FD585-87F1-472F-9595-1E6137E55717}.Debug|x86.Build.0 = Debug|Any CPU
		{A52FD585-87F1-472F-9595-1E6137E55717}.Release|Any CPU.ActiveCfg = Release|Any CPU
		{A52FD585-87F1-472F-9595-1E6137E55717}.Release|Any CPU.Build.0 = Release|Any CPU
		{A52FD585-87F1-472F-9595-1E6137E55717}.Release|x86.ActiveCfg = Release|Any CPU
		{A52FD585-87F1-472F-9595-1E6137E55717}.Release|x86.Build.0 = Release|Any CPU
		{47472D39-1E64-49EE-93D9-85CD097B184D}.Debug|Any CPU.ActiveCfg = Debug|Any CPU
		{47472D39-1E64-49EE-93D9-85CD097B184D}.Debug|Any CPU.Build.0 = Debug|Any CPU
		{47472D39-1E64-49EE-93D9-85CD097B184D}.Debug|x86.ActiveCfg = Debug|Any CPU
		{47472D39-1E64-49EE-93D9-85CD097B184D}.Debug|x86.Build.0 = Debug|Any CPU
		{47472D39-1E64-49EE-93D9-85CD097B184D}.Release|Any CPU.ActiveCfg = Release|Any CPU
		{47472D39-1E64-49EE-93D9-85CD097B184D}.Release|Any CPU.Build.0 = Release|Any CPU
		{47472D39-1E64-49EE-93D9-85CD097B184D}.Release|x86.ActiveCfg = Release|Any CPU
		{47472D39-1E64-49EE-93D9-85CD097B184D}.Release|x86.Build.0 = Release|Any CPU
		{2F9DEE8C-C04E-465B-97DB-0AB9B0539447}.Debug|Any CPU.ActiveCfg = Debug|x64
		{2F9DEE8C-C04E-465B-97DB-0AB9B0539447}.Debug|Any CPU.Build.0 = Debug|x64
		{2F9DEE8C-C04E-465B-97DB-0AB9B0539447}.Debug|Any CPU.Deploy.0 = Debug|x64
		{2F9DEE8C-C04E-465B-97DB-0AB9B0539447}.Debug|x86.ActiveCfg = Debug|x86
		{2F9DEE8C-C04E-465B-97DB-0AB9B0539447}.Debug|x86.Build.0 = Debug|x86
		{2F9DEE8C-C04E-465B-97DB-0AB9B0539447}.Debug|x86.Deploy.0 = Debug|x86
		{2F9DEE8C-C04E-465B-97DB-0AB9B0539447}.Release|Any CPU.ActiveCfg = Release|x64
		{2F9DEE8C-C04E-465B-97DB-0AB9B0539447}.Release|Any CPU.Build.0 = Release|x64
		{2F9DEE8C-C04E-465B-97DB-0AB9B0539447}.Release|Any CPU.Deploy.0 = Release|x64
		{2F9DEE8C-C04E-465B-97DB-0AB9B0539447}.Release|x86.ActiveCfg = Release|x86
		{2F9DEE8C-C04E-465B-97DB-0AB9B0539447}.Release|x86.Build.0 = Release|x86
		{2F9DEE8C-C04E-465B-97DB-0AB9B0539447}.Release|x86.Deploy.0 = Release|x86
	EndGlobalSection
	GlobalSection(SolutionProperties) = preSolution
		HideSolutionNode = FALSE
	EndGlobalSection
	GlobalSection(ExtensibilityGlobals) = postSolution
		SolutionGuid = {4A280BD8-C7C2-42E9-9D66-97BAB01FDBB3}
	EndGlobalSection
EndGlobal
